
Microsoft Visual Studio Solution File, Format Version 12.00
# Visual Studio 15
VisualStudioVersion = 15.0.27004.2002
MinimumVisualStudioVersion = 10.0.40219.1
Project("{FAE04EC0-301F-11D3-BF4B-00C04F79EFBC}") = "SingletonPattern", "SingletonPattern\SingletonPattern.csproj", "{2607A1EA-C43B-4B70-842C-2619D0A9BC5E}"
EndProject
Global
	GlobalSection(SolutionConfigurationPlatforms) = preSolution
		Debug|Any CPU = Debug|Any CPU
		Release|Any CPU = Release|Any CPU
	EndGlobalSection
	GlobalSection(ProjectConfigurationPlatforms) = postSolution
		{2607A1EA-C43B-4B70-842C-2619D0A9BC5E}.Debug|Any CPU.ActiveCfg = Debug|Any CPU
		{2607A1EA-C43B-4B70-842C-2619D0A9BC5E}.Debug|Any CPU.Build.0 = Debug|Any CPU
		{2607A1EA-C43B-4B70-842C-2619D0A9BC5E}.Release|Any CPU.ActiveCfg = Release|Any CPU
		{2607A1EA-C43B-4B70-842C-2619D0A9BC5E}.Release|Any CPU.Build.0 = Release|Any CPU
	EndGlobalSection
	GlobalSection(SolutionProperties) = preSolution
		HideSolutionNode = FALSE
	EndGlobalSection
	GlobalSection(ExtensibilityGlobals) = postSolution
		SolutionGuid = {9D39384A-C1AA-4EAE-8FFD-B444BEB9BE05}
	EndGlobalSection
EndGlobal
